// !$*UTF8*$!
{
	archiveVersion = 1;
	classes = {
	};
	objectVersion = 48;
	objects = {

/* Begin PBXBuildFile section */
		37598C971FADD8BC004681BC /* HistogramPointsChartView.swift in Sources */ = {isa = PBXBuildFile; fileRef = 37598C961FADD8BC004681BC /* HistogramPointsChartView.swift */; };
		37598C9B1FADDF2A004681BC /* HistogramPointsChartView+Positions.swift in Sources */ = {isa = PBXBuildFile; fileRef = 37598C9A1FADDF2A004681BC /* HistogramPointsChartView+Positions.swift */; };
		37598C9E1FADF33D004681BC /* HistogramPointsChartView+Draw.swift in Sources */ = {isa = PBXBuildFile; fileRef = 37598C9D1FADF33D004681BC /* HistogramPointsChartView+Draw.swift */; };
		37598CA11FADF42F004681BC /* PointsChartView.swift in Sources */ = {isa = PBXBuildFile; fileRef = 37598CA01FADF42F004681BC /* PointsChartView.swift */; };
		376419BA1FACEE0D004363A6 /* AppDelegate.swift in Sources */ = {isa = PBXBuildFile; fileRef = 376419B91FACEE0D004363A6 /* AppDelegate.swift */; };
		376419BC1FACEE0D004363A6 /* HistogramViewController.swift in Sources */ = {isa = PBXBuildFile; fileRef = 376419BB1FACEE0D004363A6 /* HistogramViewController.swift */; };
		376419BF1FACEE0D004363A6 /* Main.storyboard in Resources */ = {isa = PBXBuildFile; fileRef = 376419BD1FACEE0D004363A6 /* Main.storyboard */; };
		376419C21FACEE0D004363A6 /* FinanC_st.xcdatamodeld in Sources */ = {isa = PBXBuildFile; fileRef = 376419C01FACEE0D004363A6 /* FinanC_st.xcdatamodeld */; };
		376419C41FACEE0D004363A6 /* Assets.xcassets in Resources */ = {isa = PBXBuildFile; fileRef = 376419C31FACEE0D004363A6 /* Assets.xcassets */; };
		376419C71FACEE0D004363A6 /* LaunchScreen.storyboard in Resources */ = {isa = PBXBuildFile; fileRef = 376419C51FACEE0D004363A6 /* LaunchScreen.storyboard */; };
		376419D21FACEE0D004363A6 /* FinanC_stTests.swift in Sources */ = {isa = PBXBuildFile; fileRef = 376419D11FACEE0D004363A6 /* FinanC_stTests.swift */; };
		376419DD1FACEE0D004363A6 /* FinanC_stUITests.swift in Sources */ = {isa = PBXBuildFile; fileRef = 376419DC1FACEE0D004363A6 /* FinanC_stUITests.swift */; };
		376419F61FACEF9A004363A6 /* HistogramColumn.swift in Sources */ = {isa = PBXBuildFile; fileRef = 376419F51FACEF9A004363A6 /* HistogramColumn.swift */; };
		376419F81FACEFB8004363A6 /* HistogramChartView.swift in Sources */ = {isa = PBXBuildFile; fileRef = 376419F71FACEFB8004363A6 /* HistogramChartView.swift */; };
		376419FA1FACEFCA004363A6 /* HistogramChartView+Positions.swift in Sources */ = {isa = PBXBuildFile; fileRef = 376419F91FACEFCA004363A6 /* HistogramChartView+Positions.swift */; };
		376419FC1FACF268004363A6 /* UIHistogramChartViewDelegate.swift in Sources */ = {isa = PBXBuildFile; fileRef = 376419FB1FACF268004363A6 /* UIHistogramChartViewDelegate.swift */; };
		37A312601FAD11DA00A91599 /* HSTools.swift in Sources */ = {isa = PBXBuildFile; fileRef = 37A3125F1FAD11DA00A91599 /* HSTools.swift */; };
		37A312621FAD120500A91599 /* HistogramChartView+Draw.swift in Sources */ = {isa = PBXBuildFile; fileRef = 37A312611FAD120500A91599 /* HistogramChartView+Draw.swift */; };
		37A312671FAD14D600A91599 /* README.md in Resources */ = {isa = PBXBuildFile; fileRef = 37A312661FAD14D600A91599 /* README.md */; };
/* End PBXBuildFile section */

/* Begin PBXContainerItemProxy section */
		376419CE1FACEE0D004363A6 /* PBXContainerItemProxy */ = {
			isa = PBXContainerItemProxy;
			containerPortal = 376419AE1FACEE0D004363A6 /* Project object */;
			proxyType = 1;
			remoteGlobalIDString = 376419B51FACEE0D004363A6;
			remoteInfo = "FinanC-st";
		};
		376419D91FACEE0D004363A6 /* PBXContainerItemProxy */ = {
			isa = PBXContainerItemProxy;
			containerPortal = 376419AE1FACEE0D004363A6 /* Project object */;
			proxyType = 1;
			remoteGlobalIDString = 376419B51FACEE0D004363A6;
			remoteInfo = "FinanC-st";
		};
/* End PBXContainerItemProxy section */

/* Begin PBXFileReference section */
		37598C961FADD8BC004681BC /* HistogramPointsChartView.swift */ = {isa = PBXFileReference; lastKnownFileType = sourcecode.swift; path = HistogramPointsChartView.swift; sourceTree = "<group>"; };
		37598C9A1FADDF2A004681BC /* HistogramPointsChartView+Positions.swift */ = {isa = PBXFileReference; lastKnownFileType = sourcecode.swift; path = "HistogramPointsChartView+Positions.swift"; sourceTree = "<group>"; };
		37598C9D1FADF33D004681BC /* HistogramPointsChartView+Draw.swift */ = {isa = PBXFileReference; lastKnownFileType = sourcecode.swift; path = "HistogramPointsChartView+Draw.swift"; sourceTree = "<group>"; };
		37598CA01FADF42F004681BC /* PointsChartView.swift */ = {isa = PBXFileReference; lastKnownFileType = sourcecode.swift; path = PointsChartView.swift; sourceTree = "<group>"; };
		37598CA21FAE388F004681BC /* s3.png */ = {isa = PBXFileReference; lastKnownFileType = image.png; path = s3.png; sourceTree = "<group>"; };
		37598CA31FAE388F004681BC /* s1.png */ = {isa = PBXFileReference; lastKnownFileType = image.png; path = s1.png; sourceTree = "<group>"; };
		37598CA41FAE3890004681BC /* s2.png */ = {isa = PBXFileReference; lastKnownFileType = image.png; path = s2.png; sourceTree = "<group>"; };
		376419B61FACEE0D004363A6 /* FinanC-st.app */ = {isa = PBXFileReference; explicitFileType = wrapper.application; includeInIndex = 0; path = "FinanC-st.app"; sourceTree = BUILT_PRODUCTS_DIR; };
		376419B91FACEE0D004363A6 /* AppDelegate.swift */ = {isa = PBXFileReference; lastKnownFileType = sourcecode.swift; path = AppDelegate.swift; sourceTree = "<group>"; };
		376419BB1FACEE0D004363A6 /* HistogramViewController.swift */ = {isa = PBXFileReference; lastKnownFileType = sourcecode.swift; path = HistogramViewController.swift; sourceTree = "<group>"; };
		376419BE1FACEE0D004363A6 /* Base */ = {isa = PBXFileReference; lastKnownFileType = file.storyboard; name = Base; path = Base.lproj/Main.storyboard; sourceTree = "<group>"; };
		376419C11FACEE0D004363A6 /* FinanC_st.xcdatamodel */ = {isa = PBXFileReference; lastKnownFileType = wrapper.xcdatamodel; path = FinanC_st.xcdatamodel; sourceTree = "<group>"; };
		376419C31FACEE0D004363A6 /* Assets.xcassets */ = {isa = PBXFileReference; lastKnownFileType = folder.assetcatalog; path = Assets.xcassets; sourceTree = "<group>"; };
		376419C61FACEE0D004363A6 /* Base */ = {isa = PBXFileReference; lastKnownFileType = file.storyboard; name = Base; path = Base.lproj/LaunchScreen.storyboard; sourceTree = "<group>"; };
		376419C81FACEE0D004363A6 /* Info.plist */ = {isa = PBXFileReference; lastKnownFileType = text.plist.xml; path = Info.plist; sourceTree = "<group>"; };
		376419CD1FACEE0D004363A6 /* FinanC-stTests.xctest */ = {isa = PBXFileReference; explicitFileType = wrapper.cfbundle; includeInIndex = 0; path = "FinanC-stTests.xctest"; sourceTree = BUILT_PRODUCTS_DIR; };
		376419D11FACEE0D004363A6 /* FinanC_stTests.swift */ = {isa = PBXFileReference; lastKnownFileType = sourcecode.swift; path = FinanC_stTests.swift; sourceTree = "<group>"; };
		376419D31FACEE0D004363A6 /* Info.plist */ = {isa = PBXFileReference; lastKnownFileType = text.plist.xml; path = Info.plist; sourceTree = "<group>"; };
		376419D81FACEE0D004363A6 /* FinanC-stUITests.xctest */ = {isa = PBXFileReference; explicitFileType = wrapper.cfbundle; includeInIndex = 0; path = "FinanC-stUITests.xctest"; sourceTree = BUILT_PRODUCTS_DIR; };
		376419DC1FACEE0D004363A6 /* FinanC_stUITests.swift */ = {isa = PBXFileReference; lastKnownFileType = sourcecode.swift; path = FinanC_stUITests.swift; sourceTree = "<group>"; };
		376419DE1FACEE0D004363A6 /* Info.plist */ = {isa = PBXFileReference; lastKnownFileType = text.plist.xml; path = Info.plist; sourceTree = "<group>"; };
		376419F51FACEF9A004363A6 /* HistogramColumn.swift */ = {isa = PBXFileReference; lastKnownFileType = sourcecode.swift; path = HistogramColumn.swift; sourceTree = "<group>"; };
		376419F71FACEFB8004363A6 /* HistogramChartView.swift */ = {isa = PBXFileReference; lastKnownFileType = sourcecode.swift; path = HistogramChartView.swift; sourceTree = "<group>"; };
		376419F91FACEFCA004363A6 /* HistogramChartView+Positions.swift */ = {isa = PBXFileReference; lastKnownFileType = sourcecode.swift; path = "HistogramChartView+Positions.swift"; sourceTree = "<group>"; };
		376419FB1FACF268004363A6 /* UIHistogramChartViewDelegate.swift */ = {isa = PBXFileReference; lastKnownFileType = sourcecode.swift; path = UIHistogramChartViewDelegate.swift; sourceTree = "<group>"; };
		37A3125F1FAD11DA00A91599 /* HSTools.swift */ = {isa = PBXFileReference; lastKnownFileType = sourcecode.swift; path = HSTools.swift; sourceTree = "<group>"; };
		37A312611FAD120500A91599 /* HistogramChartView+Draw.swift */ = {isa = PBXFileReference; lastKnownFileType = sourcecode.swift; path = "HistogramChartView+Draw.swift"; sourceTree = "<group>"; };
		37A312661FAD14D600A91599 /* README.md */ = {isa = PBXFileReference; lastKnownFileType = net.daringfireball.markdown; path = README.md; sourceTree = "<group>"; };
/* End PBXFileReference section */

/* Begin PBXFrameworksBuildPhase section */
		376419B31FACEE0D004363A6 /* Frameworks */ = {
			isa = PBXFrameworksBuildPhase;
			buildActionMask = 2147483647;
			files = (
			);
			runOnlyForDeploymentPostprocessing = 0;
		};
		376419CA1FACEE0D004363A6 /* Frameworks */ = {
			isa = PBXFrameworksBuildPhase;
			buildActionMask = 2147483647;
			files = (
			);
			runOnlyForDeploymentPostprocessing = 0;
		};
		376419D51FACEE0D004363A6 /* Frameworks */ = {
			isa = PBXFrameworksBuildPhase;
			buildActionMask = 2147483647;
			files = (
			);
			runOnlyForDeploymentPostprocessing = 0;
		};
/* End PBXFrameworksBuildPhase section */

/* Begin PBXGroup section */
		37598C941FADD887004681BC /* HistogramPoints */ = {
			isa = PBXGroup;
			children = (
			);
			path = HistogramPoints;
			sourceTree = "<group>";
		};
		37598C951FADD896004681BC /* HistogramPoints */ = {
			isa = PBXGroup;
			children = (
				37598C961FADD8BC004681BC /* HistogramPointsChartView.swift */,
				37598C9A1FADDF2A004681BC /* HistogramPointsChartView+Positions.swift */,
				37598C9D1FADF33D004681BC /* HistogramPointsChartView+Draw.swift */,
			);
			path = HistogramPoints;
			sourceTree = "<group>";
		};
		37598C9F1FADF41B004681BC /* Points */ = {
			isa = PBXGroup;
			children = (
				37598CA01FADF42F004681BC /* PointsChartView.swift */,
			);
			path = Points;
			sourceTree = "<group>";
		};
		376419AD1FACEE0D004363A6 = {
			isa = PBXGroup;
			children = (
				376419B81FACEE0D004363A6 /* FinanC-st */,
				376419D01FACEE0D004363A6 /* FinanC-stTests */,
				376419DB1FACEE0D004363A6 /* FinanC-stUITests */,
				376419B71FACEE0D004363A6 /* Products */,
				37A312631FAD14B000A91599 /* Images */,
				37A312661FAD14D600A91599 /* README.md */,
			);
			sourceTree = "<group>";
		};
		376419B71FACEE0D004363A6 /* Products */ = {
			isa = PBXGroup;
			children = (
				376419B61FACEE0D004363A6 /* FinanC-st.app */,
				376419CD1FACEE0D004363A6 /* FinanC-stTests.xctest */,
				376419D81FACEE0D004363A6 /* FinanC-stUITests.xctest */,
			);
			name = Products;
			sourceTree = "<group>";
		};
		376419B81FACEE0D004363A6 /* FinanC-st */ = {
			isa = PBXGroup;
			children = (
				376419B91FACEE0D004363A6 /* AppDelegate.swift */,
				376419BB1FACEE0D004363A6 /* HistogramViewController.swift */,
				376419BD1FACEE0D004363A6 /* Main.storyboard */,
				376419C51FACEE0D004363A6 /* LaunchScreen.storyboard */,
				376419C31FACEE0D004363A6 /* Assets.xcassets */,
				376419C81FACEE0D004363A6 /* Info.plist */,
				376419C01FACEE0D004363A6 /* FinanC_st.xcdatamodeld */,
				376419F11FACEF6E004363A6 /* View */,
				376419F21FACEF77004363A6 /* Model */,
			);
			path = "FinanC-st";
			sourceTree = "<group>";
		};
		376419D01FACEE0D004363A6 /* FinanC-stTests */ = {
			isa = PBXGroup;
			children = (
				376419D11FACEE0D004363A6 /* FinanC_stTests.swift */,
				376419D31FACEE0D004363A6 /* Info.plist */,
			);
			path = "FinanC-stTests";
			sourceTree = "<group>";
		};
		376419DB1FACEE0D004363A6 /* FinanC-stUITests */ = {
			isa = PBXGroup;
			children = (
				376419DC1FACEE0D004363A6 /* FinanC_stUITests.swift */,
				376419DE1FACEE0D004363A6 /* Info.plist */,
			);
			path = "FinanC-stUITests";
			sourceTree = "<group>";
		};
		376419F11FACEF6E004363A6 /* View */ = {
			isa = PBXGroup;
			children = (
				37598C9F1FADF41B004681BC /* Points */,
				37598C951FADD896004681BC /* HistogramPoints */,
				376419F41FACEF81004363A6 /* Histogram */,
			);
			path = View;
			sourceTree = "<group>";
		};
		376419F21FACEF77004363A6 /* Model */ = {
			isa = PBXGroup;
			children = (
				37598C941FADD887004681BC /* HistogramPoints */,
				376419F31FACEF7B004363A6 /* Histogram */,
			);
			path = Model;
			sourceTree = "<group>";
		};
		376419F31FACEF7B004363A6 /* Histogram */ = {
			isa = PBXGroup;
			children = (
				376419F51FACEF9A004363A6 /* HistogramColumn.swift */,
			);
			path = Histogram;
			sourceTree = "<group>";
		};
		376419F41FACEF81004363A6 /* Histogram */ = {
			isa = PBXGroup;
			children = (
				376419F71FACEFB8004363A6 /* HistogramChartView.swift */,
				376419F91FACEFCA004363A6 /* HistogramChartView+Positions.swift */,
				37A312611FAD120500A91599 /* HistogramChartView+Draw.swift */,
				376419FB1FACF268004363A6 /* UIHistogramChartViewDelegate.swift */,
				37A3125F1FAD11DA00A91599 /* HSTools.swift */,
			);
			path = Histogram;
			sourceTree = "<group>";
		};
		37A312631FAD14B000A91599 /* Images */ = {
			isa = PBXGroup;
			children = (
				37598CA31FAE388F004681BC /* s1.png */,
				37598CA41FAE3890004681BC /* s2.png */,
				37598CA21FAE388F004681BC /* s3.png */,
			);
			path = Images;
			sourceTree = "<group>";
		};
/* End PBXGroup section */

/* Begin PBXNativeTarget section */
		376419B51FACEE0D004363A6 /* FinanC-st */ = {
			isa = PBXNativeTarget;
			buildConfigurationList = 376419E11FACEE0D004363A6 /* Build configuration list for PBXNativeTarget "FinanC-st" */;
			buildPhases = (
				376419B21FACEE0D004363A6 /* Sources */,
				376419B31FACEE0D004363A6 /* Frameworks */,
				376419B41FACEE0D004363A6 /* Resources */,
			);
			buildRules = (
			);
			dependencies = (
			);
			name = "FinanC-st";
			productName = "FinanC-st";
			productReference = 376419B61FACEE0D004363A6 /* FinanC-st.app */;
			productType = "com.apple.product-type.application";
		};
		376419CC1FACEE0D004363A6 /* FinanC-stTests */ = {
			isa = PBXNativeTarget;
			buildConfigurationList = 376419E41FACEE0D004363A6 /* Build configuration list for PBXNativeTarget "FinanC-stTests" */;
			buildPhases = (
				376419C91FACEE0D004363A6 /* Sources */,
				376419CA1FACEE0D004363A6 /* Frameworks */,
				376419CB1FACEE0D004363A6 /* Resources */,
			);
			buildRules = (
			);
			dependencies = (
				376419CF1FACEE0D004363A6 /* PBXTargetDependency */,
			);
			name = "FinanC-stTests";
			productName = "FinanC-stTests";
			productReference = 376419CD1FACEE0D004363A6 /* FinanC-stTests.xctest */;
			productType = "com.apple.product-type.bundle.unit-test";
		};
		376419D71FACEE0D004363A6 /* FinanC-stUITests */ = {
			isa = PBXNativeTarget;
			buildConfigurationList = 376419E71FACEE0D004363A6 /* Build configuration list for PBXNativeTarget "FinanC-stUITests" */;
			buildPhases = (
				376419D41FACEE0D004363A6 /* Sources */,
				376419D51FACEE0D004363A6 /* Frameworks */,
				376419D61FACEE0D004363A6 /* Resources */,
			);
			buildRules = (
			);
			dependencies = (
				376419DA1FACEE0D004363A6 /* PBXTargetDependency */,
			);
			name = "FinanC-stUITests";
			productName = "FinanC-stUITests";
			productReference = 376419D81FACEE0D004363A6 /* FinanC-stUITests.xctest */;
			productType = "com.apple.product-type.bundle.ui-testing";
		};
/* End PBXNativeTarget section */

/* Begin PBXProject section */
		376419AE1FACEE0D004363A6 /* Project object */ = {
			isa = PBXProject;
			attributes = {
				LastSwiftUpdateCheck = 0900;
				LastUpgradeCheck = 0900;
				ORGANIZATIONNAME = "Raksha Vadim";
				TargetAttributes = {
					376419B51FACEE0D004363A6 = {
						CreatedOnToolsVersion = 9.0;
						ProvisioningStyle = Automatic;
					};
					376419CC1FACEE0D004363A6 = {
						CreatedOnToolsVersion = 9.0;
						ProvisioningStyle = Automatic;
						TestTargetID = 376419B51FACEE0D004363A6;
					};
					376419D71FACEE0D004363A6 = {
						CreatedOnToolsVersion = 9.0;
						ProvisioningStyle = Automatic;
						TestTargetID = 376419B51FACEE0D004363A6;
					};
				};
			};
			buildConfigurationList = 376419B11FACEE0D004363A6 /* Build configuration list for PBXProject "FinanC-st" */;
			compatibilityVersion = "Xcode 8.0";
			developmentRegion = en;
			hasScannedForEncodings = 0;
			knownRegions = (
				en,
				Base,
			);
			mainGroup = 376419AD1FACEE0D004363A6;
			productRefGroup = 376419B71FACEE0D004363A6 /* Products */;
			projectDirPath = "";
			projectRoot = "";
			targets = (
				376419B51FACEE0D004363A6 /* FinanC-st */,
				376419CC1FACEE0D004363A6 /* FinanC-stTests */,
				376419D71FACEE0D004363A6 /* FinanC-stUITests */,
			);
		};
/* End PBXProject section */

/* Begin PBXResourcesBuildPhase section */
		376419B41FACEE0D004363A6 /* Resources */ = {
			isa = PBXResourcesBuildPhase;
			buildActionMask = 2147483647;
			files = (
				376419C71FACEE0D004363A6 /* LaunchScreen.storyboard in Resources */,
				376419C41FACEE0D004363A6 /* Assets.xcassets in Resources */,
				37A312671FAD14D600A91599 /* README.md in Resources */,
				376419BF1FACEE0D004363A6 /* Main.storyboard in Resources */,
			);
			runOnlyForDeploymentPostprocessing = 0;
		};
		376419CB1FACEE0D004363A6 /* Resources */ = {
			isa = PBXResourcesBuildPhase;
			buildActionMask = 2147483647;
			files = (
			);
			runOnlyForDeploymentPostprocessing = 0;
		};
		376419D61FACEE0D004363A6 /* Resources */ = {
			isa = PBXResourcesBuildPhase;
			buildActionMask = 2147483647;
			files = (
			);
			runOnlyForDeploymentPostprocessing = 0;
		};
/* End PBXResourcesBuildPhase section */

/* Begin PBXSourcesBuildPhase section */
		376419B21FACEE0D004363A6 /* Sources */ = {
			isa = PBXSourcesBuildPhase;
			buildActionMask = 2147483647;
			files = (
				376419F61FACEF9A004363A6 /* HistogramColumn.swift in Sources */,
				376419BC1FACEE0D004363A6 /* HistogramViewController.swift in Sources */,
				37598CA11FADF42F004681BC /* PointsChartView.swift in Sources */,
				376419BA1FACEE0D004363A6 /* AppDelegate.swift in Sources */,
				376419FA1FACEFCA004363A6 /* HistogramChartView+Positions.swift in Sources */,
				37598C9E1FADF33D004681BC /* HistogramPointsChartView+Draw.swift in Sources */,
				37A312601FAD11DA00A91599 /* HSTools.swift in Sources */,
				37598C971FADD8BC004681BC /* HistogramPointsChartView.swift in Sources */,
				376419FC1FACF268004363A6 /* UIHistogramChartViewDelegate.swift in Sources */,
				376419C21FACEE0D004363A6 /* FinanC_st.xcdatamodeld in Sources */,
				376419F81FACEFB8004363A6 /* HistogramChartView.swift in Sources */,
				37598C9B1FADDF2A004681BC /* HistogramPointsChartView+Positions.swift in Sources */,
				37A312621FAD120500A91599 /* HistogramChartView+Draw.swift in Sources */,
			);
			runOnlyForDeploymentPostprocessing = 0;
		};
		376419C91FACEE0D004363A6 /* Sources */ = {
			isa = PBXSourcesBuildPhase;
			buildActionMask = 2147483647;
			files = (
				376419D21FACEE0D004363A6 /* FinanC_stTests.swift in Sources */,
			);
			runOnlyForDeploymentPostprocessing = 0;
		};
		376419D41FACEE0D004363A6 /* Sources */ = {
			isa = PBXSourcesBuildPhase;
			buildActionMask = 2147483647;
			files = (
				376419DD1FACEE0D004363A6 /* FinanC_stUITests.swift in Sources */,
			);
			runOnlyForDeploymentPostprocessing = 0;
		};
/* End PBXSourcesBuildPhase section */

/* Begin PBXTargetDependency section */
		376419CF1FACEE0D004363A6 /* PBXTargetDependency */ = {
			isa = PBXTargetDependency;
			target = 376419B51FACEE0D004363A6 /* FinanC-st */;
			targetProxy = 376419CE1FACEE0D004363A6 /* PBXContainerItemProxy */;
		};
		376419DA1FACEE0D004363A6 /* PBXTargetDependency */ = {
			isa = PBXTargetDependency;
			target = 376419B51FACEE0D004363A6 /* FinanC-st */;
			targetProxy = 376419D91FACEE0D004363A6 /* PBXContainerItemProxy */;
		};
/* End PBXTargetDependency section */

/* Begin PBXVariantGroup section */
		376419BD1FACEE0D004363A6 /* Main.storyboard */ = {
			isa = PBXVariantGroup;
			children = (
				376419BE1FACEE0D004363A6 /* Base */,
			);
			name = Main.storyboard;
			sourceTree = "<group>";
		};
		376419C51FACEE0D004363A6 /* LaunchScreen.storyboard */ = {
			isa = PBXVariantGroup;
			children = (
				376419C61FACEE0D004363A6 /* Base */,
			);
			name = LaunchScreen.storyboard;
			sourceTree = "<group>";
		};
/* End PBXVariantGroup section */

/* Begin XCBuildConfiguration section */
		376419DF1FACEE0D004363A6 /* Debug */ = {
			isa = XCBuildConfiguration;
			buildSettings = {
				ALWAYS_SEARCH_USER_PATHS = NO;
				CLANG_ANALYZER_NONNULL = YES;
				CLANG_ANALYZER_NUMBER_OBJECT_CONVERSION = YES_AGGRESSIVE;
				CLANG_CXX_LANGUAGE_STANDARD = "gnu++14";
				CLANG_CXX_LIBRARY = "libc++";
				CLANG_ENABLE_MODULES = YES;
				CLANG_ENABLE_OBJC_ARC = YES;
				CLANG_WARN_BLOCK_CAPTURE_AUTORELEASING = YES;
				CLANG_WARN_BOOL_CONVERSION = YES;
				CLANG_WARN_COMMA = YES;
				CLANG_WARN_CONSTANT_CONVERSION = YES;
				CLANG_WARN_DIRECT_OBJC_ISA_USAGE = YES_ERROR;
				CLANG_WARN_DOCUMENTATION_COMMENTS = YES;
				CLANG_WARN_EMPTY_BODY = YES;
				CLANG_WARN_ENUM_CONVERSION = YES;
				CLANG_WARN_INFINITE_RECURSION = YES;
				CLANG_WARN_INT_CONVERSION = YES;
				CLANG_WARN_NON_LITERAL_NULL_CONVERSION = YES;
				CLANG_WARN_OBJC_LITERAL_CONVERSION = YES;
				CLANG_WARN_OBJC_ROOT_CLASS = YES_ERROR;
				CLANG_WARN_RANGE_LOOP_ANALYSIS = YES;
				CLANG_WARN_STRICT_PROTOTYPES = YES;
				CLANG_WARN_SUSPICIOUS_MOVE = YES;
				CLANG_WARN_UNGUARDED_AVAILABILITY = YES_AGGRESSIVE;
				CLANG_WARN_UNREACHABLE_CODE = YES;
				CLANG_WARN__DUPLICATE_METHOD_MATCH = YES;
				CODE_SIGN_IDENTITY = "iPhone Developer";
				COPY_PHASE_STRIP = NO;
				DEBUG_ACTIVITY_MODE = "";
				"DEBUG_ACTIVITY_MODE[arch=*]" = disable;
				DEBUG_INFORMATION_FORMAT = dwarf;
				ENABLE_STRICT_OBJC_MSGSEND = YES;
				ENABLE_TESTABILITY = YES;
				GCC_C_LANGUAGE_STANDARD = gnu11;
				GCC_DYNAMIC_NO_PIC = NO;
				GCC_NO_COMMON_BLOCKS = YES;
				GCC_OPTIMIZATION_LEVEL = 0;
				GCC_PREPROCESSOR_DEFINITIONS = (
					"DEBUG=1",
					"$(inherited)",
				);
				GCC_WARN_64_TO_32_BIT_CONVERSION = YES;
				GCC_WARN_ABOUT_RETURN_TYPE = YES_ERROR;
				GCC_WARN_UNDECLARED_SELECTOR = YES;
				GCC_WARN_UNINITIALIZED_AUTOS = YES_AGGRESSIVE;
				GCC_WARN_UNUSED_FUNCTION = YES;
				GCC_WARN_UNUSED_VARIABLE = YES;
				IPHONEOS_DEPLOYMENT_TARGET = 11.0;
				MTL_ENABLE_DEBUG_INFO = YES;
				ONLY_ACTIVE_ARCH = YES;
				SDKROOT = iphoneos;
				SWIFT_ACTIVE_COMPILATION_CONDITIONS = DEBUG;
				SWIFT_OPTIMIZATION_LEVEL = "-Onone";
			};
			name = Debug;
		};
		376419E01FACEE0D004363A6 /* Release */ = {
			isa = XCBuildConfiguration;
			buildSettings = {
				ALWAYS_SEARCH_USER_PATHS = NO;
				CLANG_ANALYZER_NONNULL = YES;
				CLANG_ANALYZER_NUMBER_OBJECT_CONVERSION = YES_AGGRESSIVE;
				CLANG_CXX_LANGUAGE_STANDARD = "gnu++14";
				CLANG_CXX_LIBRARY = "libc++";
				CLANG_ENABLE_MODULES = YES;
				CLANG_ENABLE_OBJC_ARC = YES;
				CLANG_WARN_BLOCK_CAPTURE_AUTORELEASING = YES;
				CLANG_WARN_BOOL_CONVERSION = YES;
				CLANG_WARN_COMMA = YES;
				CLANG_WARN_CONSTANT_CONVERSION = YES;
				CLANG_WARN_DIRECT_OBJC_ISA_USAGE = YES_ERROR;
				CLANG_WARN_DOCUMENTATION_COMMENTS = YES;
				CLANG_WARN_EMPTY_BODY = YES;
				CLANG_WARN_ENUM_CONVERSION = YES;
				CLANG_WARN_INFINITE_RECURSION = YES;
				CLANG_WARN_INT_CONVERSION = YES;
				CLANG_WARN_NON_LITERAL_NULL_CONVERSION = YES;
				CLANG_WARN_OBJC_LITERAL_CONVERSION = YES;
				CLANG_WARN_OBJC_ROOT_CLASS = YES_ERROR;
				CLANG_WARN_RANGE_LOOP_ANALYSIS = YES;
				CLANG_WARN_STRICT_PROTOTYPES = YES;
				CLANG_WARN_SUSPICIOUS_MOVE = YES;
				CLANG_WARN_UNGUARDED_AVAILABILITY = YES_AGGRESSIVE;
				CLANG_WARN_UNREACHABLE_CODE = YES;
				CLANG_WARN__DUPLICATE_METHOD_MATCH = YES;
				CODE_SIGN_IDENTITY = "iPhone Developer";
				COPY_PHASE_STRIP = NO;
				DEBUG_ACTIVITY_MODE = "";
				DEBUG_INFORMATION_FORMAT = "dwarf-with-dsym";
				ENABLE_NS_ASSERTIONS = NO;
				ENABLE_STRICT_OBJC_MSGSEND = YES;
				GCC_C_LANGUAGE_STANDARD = gnu11;
				GCC_NO_COMMON_BLOCKS = YES;
				GCC_WARN_64_TO_32_BIT_CONVERSION = YES;
				GCC_WARN_ABOUT_RETURN_TYPE = YES_ERROR;
				GCC_WARN_UNDECLARED_SELECTOR = YES;
				GCC_WARN_UNINITIALIZED_AUTOS = YES_AGGRESSIVE;
				GCC_WARN_UNUSED_FUNCTION = YES;
				GCC_WARN_UNUSED_VARIABLE = YES;
				IPHONEOS_DEPLOYMENT_TARGET = 11.0;
				MTL_ENABLE_DEBUG_INFO = NO;
				SDKROOT = iphoneos;
				SWIFT_OPTIMIZATION_LEVEL = "-Owholemodule";
				VALIDATE_PRODUCT = YES;
			};
			name = Release;
		};
		376419E21FACEE0D004363A6 /* Debug */ = {
			isa = XCBuildConfiguration;
			buildSettings = {
				ASSETCATALOG_COMPILER_APPICON_NAME = AppIcon;
				CODE_SIGN_STYLE = Automatic;
				DEVELOPMENT_TEAM = 4C92LB6539;
				INFOPLIST_FILE = "FinanC-st/Info.plist";
				IPHONEOS_DEPLOYMENT_TARGET = 10.0;
				LD_RUNPATH_SEARCH_PATHS = "$(inherited) @executable_path/Frameworks";
				PRODUCT_BUNDLE_IDENTIFIER = com.vadim.hasdfa.finanCst;
				PRODUCT_NAME = "$(TARGET_NAME)";
				SWIFT_VERSION = 4.0;
				TARGETED_DEVICE_FAMILY = "1,2";
			};
			name = Debug;
		};
		376419E31FACEE0D004363A6 /* Release */ = {
			isa = XCBuildConfiguration;
			buildSettings = {
				ASSETCATALOG_COMPILER_APPICON_NAME = AppIcon;
				CODE_SIGN_STYLE = Automatic;
				DEVELOPMENT_TEAM = 4C92LB6539;
				INFOPLIST_FILE = "FinanC-st/Info.plist";
				IPHONEOS_DEPLOYMENT_TARGET = 10.0;
				LD_RUNPATH_SEARCH_PATHS = "$(inherited) @executable_path/Frameworks";
				PRODUCT_BUNDLE_IDENTIFIER = com.vadim.hasdfa.finanCst;
				PRODUCT_NAME = "$(TARGET_NAME)";
				SWIFT_VERSION = 4.0;
				TARGETED_DEVICE_FAMILY = "1,2";
			};
			name = Release;
		};
		376419E51FACEE0D004363A6 /* Debug */ = {
			isa = XCBuildConfiguration;
			buildSettings = {
				ALWAYS_EMBED_SWIFT_STANDARD_LIBRARIES = YES;
				BUNDLE_LOADER = "$(TEST_HOST)";
				CODE_SIGN_STYLE = Automatic;
				DEVELOPMENT_TEAM = 4C92LB6539;
				INFOPLIST_FILE = "FinanC-stTests/Info.plist";
				LD_RUNPATH_SEARCH_PATHS = "$(inherited) @executable_path/Frameworks @loader_path/Frameworks";
				PRODUCT_BUNDLE_IDENTIFIER = "com.vadim.hasdfa.FinanC-stTests";
				PRODUCT_NAME = "$(TARGET_NAME)";
				SWIFT_VERSION = 4.0;
				TARGETED_DEVICE_FAMILY = "1,2";
				TEST_HOST = "$(BUILT_PRODUCTS_DIR)/FinanC-st.app/FinanC-st";
			};
			name = Debug;
		};
		376419E61FACEE0D004363A6 /* Release */ = {
			isa = XCBuildConfiguration;
			buildSettings = {
				ALWAYS_EMBED_SWIFT_STANDARD_LIBRARIES = YES;
				BUNDLE_LOADER = "$(TEST_HOST)";
				CODE_SIGN_STYLE = Automatic;
				DEVELOPMENT_TEAM = 4C92LB6539;
				INFOPLIST_FILE = "FinanC-stTests/Info.plist";
				LD_RUNPATH_SEARCH_PATHS = "$(inherited) @executable_path/Frameworks @loader_path/Frameworks";
				PRODUCT_BUNDLE_IDENTIFIER = "com.vadim.hasdfa.FinanC-stTests";
				PRODUCT_NAME = "$(TARGET_NAME)";
				SWIFT_VERSION = 4.0;
				TARGETED_DEVICE_FAMILY = "1,2";
				TEST_HOST = "$(BUILT_PRODUCTS_DIR)/FinanC-st.app/FinanC-st";
			};
			name = Release;
		};
		376419E81FACEE0D004363A6 /* Debug */ = {
			isa = XCBuildConfiguration;
			buildSettings = {
				ALWAYS_EMBED_SWIFT_STANDARD_LIBRARIES = YES;
				CODE_SIGN_STYLE = Automatic;
				DEVELOPMENT_TEAM = 4C92LB6539;
				INFOPLIST_FILE = "FinanC-stUITests/Info.plist";
				LD_RUNPATH_SEARCH_PATHS = "$(inherited) @executable_path/Frameworks @loader_path/Frameworks";
				PRODUCT_BUNDLE_IDENTIFIER = "com.vadim.hasdfa.FinanC-stUITests";
				PRODUCT_NAME = "$(TARGET_NAME)";
				SWIFT_VERSION = 4.0;
				TARGETED_DEVICE_FAMILY = "1,2";
				TEST_TARGET_NAME = "FinanC-st";
			};
			name = Debug;
		};
		376419E91FACEE0D004363A6 /* Release */ = {
			isa = XCBuildConfiguration;
			buildSettings = {
				ALWAYS_EMBED_SWIFT_STANDARD_LIBRARIES = YES;
				CODE_SIGN_STYLE = Automatic;
				DEVELOPMENT_TEAM = 4C92LB6539;
				INFOPLIST_FILE = "FinanC-stUITests/Info.plist";
				LD_RUNPATH_SEARCH_PATHS = "$(inherited) @executable_path/Frameworks @loader_path/Frameworks";
				PRODUCT_BUNDLE_IDENTIFIER = "com.vadim.hasdfa.FinanC-stUITests";
				PRODUCT_NAME = "$(TARGET_NAME)";
				SWIFT_VERSION = 4.0;
				TARGETED_DEVICE_FAMILY = "1,2";
				TEST_TARGET_NAME = "FinanC-st";
			};
			name = Release;
		};
/* End XCBuildConfiguration section */

/* Begin XCConfigurationList section */
		376419B11FACEE0D004363A6 /* Build configuration list for PBXProject "FinanC-st" */ = {
			isa = XCConfigurationList;
			buildConfigurations = (
				376419DF1FACEE0D004363A6 /* Debug */,
				376419E01FACEE0D004363A6 /* Release */,
			);
			defaultConfigurationIsVisible = 0;
			defaultConfigurationName = Release;
		};
		376419E11FACEE0D004363A6 /* Build configuration list for PBXNativeTarget "FinanC-st" */ = {
			isa = XCConfigurationList;
			buildConfigurations = (
				376419E21FACEE0D004363A6 /* Debug */,
				376419E31FACEE0D004363A6 /* Release */,
			);
			defaultConfigurationIsVisible = 0;
			defaultConfigurationName = Release;
		};
		376419E41FACEE0D004363A6 /* Build configuration list for PBXNativeTarget "FinanC-stTests" */ = {
			isa = XCConfigurationList;
			buildConfigurations = (
				376419E51FACEE0D004363A6 /* Debug */,
				376419E61FACEE0D004363A6 /* Release */,
			);
			defaultConfigurationIsVisible = 0;
			defaultConfigurationName = Release;
		};
		376419E71FACEE0D004363A6 /* Build configuration list for PBXNativeTarget "FinanC-stUITests" */ = {
			isa = XCConfigurationList;
			buildConfigurations = (
				376419E81FACEE0D004363A6 /* Debug */,
				376419E91FACEE0D004363A6 /* Release */,
			);
			defaultConfigurationIsVisible = 0;
			defaultConfigurationName = Release;
		};
/* End XCConfigurationList section */

/* Begin XCVersionGroup section */
		376419C01FACEE0D004363A6 /* FinanC_st.xcdatamodeld */ = {
			isa = XCVersionGroup;
			children = (
				376419C11FACEE0D004363A6 /* FinanC_st.xcdatamodel */,
			);
			currentVersion = 376419C11FACEE0D004363A6 /* FinanC_st.xcdatamodel */;
			path = FinanC_st.xcdatamodeld;
			sourceTree = "<group>";
			versionGroupType = wrapper.xcdatamodel;
		};
/* End XCVersionGroup section */
	};
	rootObject = 376419AE1FACEE0D004363A6 /* Project object */;
}
